
Microsoft Visual Studio Solution File, Format Version 12.00
# Visual Studio Version 16
VisualStudioVersion = 16.0.31205.134
MinimumVisualStudioVersion = 10.0.40219.1
Project("{FAE04EC0-301F-11D3-BF4B-00C04F79EFBC}") = "JaggedArray", "JaggedArray\JaggedArray.csproj", "{2C831A69-B200-41BC-BF9B-2AAB4278AA11}"
EndProject
Global
	GlobalSection(SolutionConfigurationPlatforms) = preSolution
		Debug|Any CPU = Debug|Any CPU
		Release|Any CPU = Release|Any CPU
	EndGlobalSection
	GlobalSection(ProjectConfigurationPlatforms) = postSolution
		{2C831A69-B200-41BC-BF9B-2AAB4278AA11}.Debug|Any CPU.ActiveCfg = Debug|Any CPU
		{2C831A69-B200-41BC-BF9B-2AAB4278AA11}.Debug|Any CPU.Build.0 = Debug|Any CPU
		{2C831A69-B200-41BC-BF9B-2AAB4278AA11}.Release|Any CPU.ActiveCfg = Release|Any CPU
		{2C831A69-B200-41BC-BF9B-2AAB4278AA11}.Release|Any CPU.Build.0 = Release|Any CPU
	EndGlobalSection
	GlobalSection(SolutionProperties) = preSolution
		HideSolutionNode = FALSE
	EndGlobalSection
	GlobalSection(ExtensibilityGlobals) = postSolution
		SolutionGuid = {DF7C1F3B-5C07-43B3-B79E-A0ECDFEEB9DA}
	EndGlobalSection
EndGlobal
